// !$*UTF8*$!
{
	archiveVersion = 1;
	classes = {
	};
	objectVersion = 46;
	objects = {

/* Begin PBXBuildFile section */
		D07BE5751BEC4888001CF69B /* ServiceNumberTableViewController.m in Sources */ = {isa = PBXBuildFile; fileRef = D07BE5741BEC4888001CF69B /* ServiceNumberTableViewController.m */; settings = {ASSET_TAGS = (); }; };
		D08828651BD42A9E001DFB48 /* ServiceController.m in Sources */ = {isa = PBXBuildFile; fileRef = D08828641BD42A9E001DFB48 /* ServiceController.m */; settings = {ASSET_TAGS = (); }; };
		D088286B1BD70CD8001DFB48 /* Stack.m in Sources */ = {isa = PBXBuildFile; fileRef = D088286A1BD70CD8001DFB48 /* Stack.m */; settings = {ASSET_TAGS = (); }; };
		D08828F81BD8751E001DFB48 /* InventoryController.m in Sources */ = {isa = PBXBuildFile; fileRef = D08828F71BD8751E001DFB48 /* InventoryController.m */; settings = {ASSET_TAGS = (); }; };
		D08828FB1BD8770B001DFB48 /* MileagecController.m in Sources */ = {isa = PBXBuildFile; fileRef = D08828FA1BD8770B001DFB48 /* MileagecController.m */; settings = {ASSET_TAGS = (); }; };
		D088290B1BD9C639001DFB48 /* Mileage+CoreDataProperties.m in Sources */ = {isa = PBXBuildFile; fileRef = D08829001BD9C639001DFB48 /* Mileage+CoreDataProperties.m */; settings = {ASSET_TAGS = (); }; };
		D088290C1BD9C639001DFB48 /* Mileage.m in Sources */ = {isa = PBXBuildFile; fileRef = D08829021BD9C639001DFB48 /* Mileage.m */; settings = {ASSET_TAGS = (); }; };
		D088290E1BD9C639001DFB48 /* Service.m in Sources */ = {isa = PBXBuildFile; fileRef = D08829061BD9C639001DFB48 /* Service.m */; settings = {ASSET_TAGS = (); }; };
		D088290F1BD9C639001DFB48 /* InventoryItem+CoreDataProperties.m in Sources */ = {isa = PBXBuildFile; fileRef = D08829081BD9C639001DFB48 /* InventoryItem+CoreDataProperties.m */; settings = {ASSET_TAGS = (); }; };
		D08829101BD9C639001DFB48 /* InventoryItem.m in Sources */ = {isa = PBXBuildFile; fileRef = D088290A1BD9C639001DFB48 /* InventoryItem.m */; settings = {ASSET_TAGS = (); }; };
		D08829181BDBDD06001DFB48 /* Service+CoreDataProperties.m in Sources */ = {isa = PBXBuildFile; fileRef = D08829171BDBDD06001DFB48 /* Service+CoreDataProperties.m */; settings = {ASSET_TAGS = (); }; };
		D088291E1BE1AA46001DFB48 /* ServiceTableViewDataSource.m in Sources */ = {isa = PBXBuildFile; fileRef = D088291D1BE1AA46001DFB48 /* ServiceTableViewDataSource.m */; settings = {ASSET_TAGS = (); }; };
		D08829211BE1C15A001DFB48 /* LabelCell.m in Sources */ = {isa = PBXBuildFile; fileRef = D08829201BE1C15A001DFB48 /* LabelCell.m */; settings = {ASSET_TAGS = (); }; };
		D08829241BE1C19D001DFB48 /* TextViewCell.m in Sources */ = {isa = PBXBuildFile; fileRef = D08829231BE1C19D001DFB48 /* TextViewCell.m */; settings = {ASSET_TAGS = (); }; };
		D08829281BE2F573001DFB48 /* serviceTableViewController.m in Sources */ = {isa = PBXBuildFile; fileRef = D08829271BE2F573001DFB48 /* serviceTableViewController.m */; settings = {ASSET_TAGS = (); }; };
		D088293D1BE51F85001DFB48 /* Model.xcdatamodeld in Sources */ = {isa = PBXBuildFile; fileRef = D088293B1BE51F85001DFB48 /* Model.xcdatamodeld */; settings = {ASSET_TAGS = (); }; };
		D08829401BE52A71001DFB48 /* ButtonCell.m in Sources */ = {isa = PBXBuildFile; fileRef = D088293F1BE52A70001DFB48 /* ButtonCell.m */; settings = {ASSET_TAGS = (); }; };
		D08829431BE53497001DFB48 /* PartsTableViewController.m in Sources */ = {isa = PBXBuildFile; fileRef = D08829421BE53497001DFB48 /* PartsTableViewController.m */; settings = {ASSET_TAGS = (); }; };
		D08829491BE535FA001DFB48 /* PartsCell.m in Sources */ = {isa = PBXBuildFile; fileRef = D08829481BE535FA001DFB48 /* PartsCell.m */; settings = {ASSET_TAGS = (); }; };
		D088294C1BE54AFC001DFB48 /* InventoryTableViewController.m in Sources */ = {isa = PBXBuildFile; fileRef = D088294B1BE54AFC001DFB48 /* InventoryTableViewController.m */; settings = {ASSET_TAGS = (); }; };
		D088294F1BE54FDC001DFB48 /* InventoryCell.m in Sources */ = {isa = PBXBuildFile; fileRef = D088294E1BE54FDC001DFB48 /* InventoryCell.m */; settings = {ASSET_TAGS = (); }; };
		D08829521BE9B994001DFB48 /* InventoryListDataSource.m in Sources */ = {isa = PBXBuildFile; fileRef = D08829511BE9B994001DFB48 /* InventoryListDataSource.m */; settings = {ASSET_TAGS = (); }; };
		D0CD95691BC9A1FF005BF6C3 /* main.m in Sources */ = {isa = PBXBuildFile; fileRef = D0CD95681BC9A1FF005BF6C3 /* main.m */; };
		D0CD956C1BC9A1FF005BF6C3 /* AppDelegate.m in Sources */ = {isa = PBXBuildFile; fileRef = D0CD956B1BC9A1FF005BF6C3 /* AppDelegate.m */; };
		D0CD956F1BC9A1FF005BF6C3 /* ViewController.m in Sources */ = {isa = PBXBuildFile; fileRef = D0CD956E1BC9A1FF005BF6C3 /* ViewController.m */; };
		D0CD95721BC9A1FF005BF6C3 /* Main.storyboard in Resources */ = {isa = PBXBuildFile; fileRef = D0CD95701BC9A1FF005BF6C3 /* Main.storyboard */; };
		D0CD95741BC9A1FF005BF6C3 /* Assets.xcassets in Resources */ = {isa = PBXBuildFile; fileRef = D0CD95731BC9A1FF005BF6C3 /* Assets.xcassets */; };
		D0CD95771BC9A1FF005BF6C3 /* LaunchScreen.storyboard in Resources */ = {isa = PBXBuildFile; fileRef = D0CD95751BC9A1FF005BF6C3 /* LaunchScreen.storyboard */; };
		D0CD95821BC9A1FF005BF6C3 /* AlarmInstallerTests.m in Sources */ = {isa = PBXBuildFile; fileRef = D0CD95811BC9A1FF005BF6C3 /* AlarmInstallerTests.m */; };
		D0CD958D1BC9A1FF005BF6C3 /* AlarmInstallerUITests.m in Sources */ = {isa = PBXBuildFile; fileRef = D0CD958C1BC9A1FF005BF6C3 /* AlarmInstallerUITests.m */; };
/* End PBXBuildFile section */

/* Begin PBXContainerItemProxy section */
		D0CD957E1BC9A1FF005BF6C3 /* PBXContainerItemProxy */ = {
			isa = PBXContainerItemProxy;
			containerPortal = D0CD955C1BC9A1FF005BF6C3 /* Project object */;
			proxyType = 1;
			remoteGlobalIDString = D0CD95631BC9A1FF005BF6C3;
			remoteInfo = AlarmInstaller;
		};
		D0CD95891BC9A1FF005BF6C3 /* PBXContainerItemProxy */ = {
			isa = PBXContainerItemProxy;
			containerPortal = D0CD955C1BC9A1FF005BF6C3 /* Project object */;
			proxyType = 1;
			remoteGlobalIDString = D0CD95631BC9A1FF005BF6C3;
			remoteInfo = AlarmInstaller;
		};
/* End PBXContainerItemProxy section */

/* Begin PBXFileReference section */
		D07BE5731BEC4888001CF69B /* ServiceNumberTableViewController.h */ = {isa = PBXFileReference; fileEncoding = 4; lastKnownFileType = sourcecode.c.h; path = ServiceNumberTableViewController.h; sourceTree = "<group>"; };
		D07BE5741BEC4888001CF69B /* ServiceNumberTableViewController.m */ = {isa = PBXFileReference; fileEncoding = 4; lastKnownFileType = sourcecode.c.objc; path = ServiceNumberTableViewController.m; sourceTree = "<group>"; };
		D08828631BD42A9E001DFB48 /* ServiceController.h */ = {isa = PBXFileReference; fileEncoding = 4; lastKnownFileType = sourcecode.c.h; path = ServiceController.h; sourceTree = "<group>"; };
		D08828641BD42A9E001DFB48 /* ServiceController.m */ = {isa = PBXFileReference; fileEncoding = 4; lastKnownFileType = sourcecode.c.objc; path = ServiceController.m; sourceTree = "<group>"; };
		D08828691BD70CD8001DFB48 /* Stack.h */ = {isa = PBXFileReference; fileEncoding = 4; lastKnownFileType = sourcecode.c.h; path = Stack.h; sourceTree = "<group>"; };
		D088286A1BD70CD8001DFB48 /* Stack.m */ = {isa = PBXFileReference; fileEncoding = 4; lastKnownFileType = sourcecode.c.objc; path = Stack.m; sourceTree = "<group>"; };
		D08828F61BD8751E001DFB48 /* InventoryController.h */ = {isa = PBXFileReference; fileEncoding = 4; lastKnownFileType = sourcecode.c.h; path = InventoryController.h; sourceTree = "<group>"; };
		D08828F71BD8751E001DFB48 /* InventoryController.m */ = {isa = PBXFileReference; fileEncoding = 4; lastKnownFileType = sourcecode.c.objc; path = InventoryController.m; sourceTree = "<group>"; };
		D08828F91BD8770B001DFB48 /* MileagecController.h */ = {isa = PBXFileReference; fileEncoding = 4; lastKnownFileType = sourcecode.c.h; path = MileagecController.h; sourceTree = "<group>"; };
		D08828FA1BD8770B001DFB48 /* MileagecController.m */ = {isa = PBXFileReference; fileEncoding = 4; lastKnownFileType = sourcecode.c.objc; path = MileagecController.m; sourceTree = "<group>"; };
		D08828FF1BD9C639001DFB48 /* Mileage+CoreDataProperties.h */ = {isa = PBXFileReference; fileEncoding = 4; lastKnownFileType = sourcecode.c.h; name = "Mileage+CoreDataProperties.h"; path = "../Mileage+CoreDataProperties.h"; sourceTree = "<group>"; };
		D08829001BD9C639001DFB48 /* Mileage+CoreDataProperties.m */ = {isa = PBXFileReference; fileEncoding = 4; lastKnownFileType = sourcecode.c.objc; name = "Mileage+CoreDataProperties.m"; path = "../Mileage+CoreDataProperties.m"; sourceTree = "<group>"; };
		D08829011BD9C639001DFB48 /* Mileage.h */ = {isa = PBXFileReference; fileEncoding = 4; lastKnownFileType = sourcecode.c.h; name = Mileage.h; path = ../Mileage.h; sourceTree = "<group>"; };
		D08829021BD9C639001DFB48 /* Mileage.m */ = {isa = PBXFileReference; fileEncoding = 4; lastKnownFileType = sourcecode.c.objc; name = Mileage.m; path = ../Mileage.m; sourceTree = "<group>"; };
		D08829051BD9C639001DFB48 /* Service.h */ = {isa = PBXFileReference; fileEncoding = 4; lastKnownFileType = sourcecode.c.h; name = Service.h; path = ../Service.h; sourceTree = "<group>"; };
		D08829061BD9C639001DFB48 /* Service.m */ = {isa = PBXFileReference; fileEncoding = 4; lastKnownFileType = sourcecode.c.objc; name = Service.m; path = ../Service.m; sourceTree = "<group>"; };
		D08829071BD9C639001DFB48 /* InventoryItem+CoreDataProperties.h */ = {isa = PBXFileReference; fileEncoding = 4; lastKnownFileType = sourcecode.c.h; name = "InventoryItem+CoreDataProperties.h"; path = "../InventoryItem+CoreDataProperties.h"; sourceTree = "<group>"; };
		D08829081BD9C639001DFB48 /* InventoryItem+CoreDataProperties.m */ = {isa = PBXFileReference; fileEncoding = 4; lastKnownFileType = sourcecode.c.objc; name = "InventoryItem+CoreDataProperties.m"; path = "../InventoryItem+CoreDataProperties.m"; sourceTree = "<group>"; };
		D08829091BD9C639001DFB48 /* InventoryItem.h */ = {isa = PBXFileReference; fileEncoding = 4; lastKnownFileType = sourcecode.c.h; name = InventoryItem.h; path = ../InventoryItem.h; sourceTree = "<group>"; };
		D088290A1BD9C639001DFB48 /* InventoryItem.m */ = {isa = PBXFileReference; fileEncoding = 4; lastKnownFileType = sourcecode.c.objc; name = InventoryItem.m; path = ../InventoryItem.m; sourceTree = "<group>"; };
		D08829161BDBDD06001DFB48 /* Service+CoreDataProperties.h */ = {isa = PBXFileReference; fileEncoding = 4; lastKnownFileType = sourcecode.c.h; name = "Service+CoreDataProperties.h"; path = "../Service+CoreDataProperties.h"; sourceTree = "<group>"; };
		D08829171BDBDD06001DFB48 /* Service+CoreDataProperties.m */ = {isa = PBXFileReference; fileEncoding = 4; lastKnownFileType = sourcecode.c.objc; name = "Service+CoreDataProperties.m"; path = "../Service+CoreDataProperties.m"; sourceTree = "<group>"; };
		D088291C1BE1AA46001DFB48 /* ServiceTableViewDataSource.h */ = {isa = PBXFileReference; fileEncoding = 4; lastKnownFileType = sourcecode.c.h; path = ServiceTableViewDataSource.h; sourceTree = "<group>"; };
		D088291D1BE1AA46001DFB48 /* ServiceTableViewDataSource.m */ = {isa = PBXFileReference; fileEncoding = 4; lastKnownFileType = sourcecode.c.objc; path = ServiceTableViewDataSource.m; sourceTree = "<group>"; };
		D088291F1BE1C15A001DFB48 /* LabelCell.h */ = {isa = PBXFileReference; fileEncoding = 4; lastKnownFileType = sourcecode.c.h; path = LabelCell.h; sourceTree = "<group>"; };
		D08829201BE1C15A001DFB48 /* LabelCell.m */ = {isa = PBXFileReference; fileEncoding = 4; lastKnownFileType = sourcecode.c.objc; path = LabelCell.m; sourceTree = "<group>"; };
		D08829221BE1C19D001DFB48 /* TextViewCell.h */ = {isa = PBXFileReference; fileEncoding = 4; lastKnownFileType = sourcecode.c.h; path = TextViewCell.h; sourceTree = "<group>"; };
		D08829231BE1C19D001DFB48 /* TextViewCell.m */ = {isa = PBXFileReference; fileEncoding = 4; lastKnownFileType = sourcecode.c.objc; path = TextViewCell.m; sourceTree = "<group>"; };
		D08829261BE2F573001DFB48 /* serviceTableViewController.h */ = {isa = PBXFileReference; fileEncoding = 4; lastKnownFileType = sourcecode.c.h; path = serviceTableViewController.h; sourceTree = "<group>"; };
		D08829271BE2F573001DFB48 /* serviceTableViewController.m */ = {isa = PBXFileReference; fileEncoding = 4; lastKnownFileType = sourcecode.c.objc; path = serviceTableViewController.m; sourceTree = "<group>"; };
		D088293C1BE51F85001DFB48 /* Model.xcdatamodel */ = {isa = PBXFileReference; lastKnownFileType = wrapper.xcdatamodel; path = Model.xcdatamodel; sourceTree = "<group>"; };
		D088293E1BE52A70001DFB48 /* ButtonCell.h */ = {isa = PBXFileReference; fileEncoding = 4; lastKnownFileType = sourcecode.c.h; path = ButtonCell.h; sourceTree = "<group>"; };
		D088293F1BE52A70001DFB48 /* ButtonCell.m */ = {isa = PBXFileReference; fileEncoding = 4; lastKnownFileType = sourcecode.c.objc; path = ButtonCell.m; sourceTree = "<group>"; };
		D08829411BE53497001DFB48 /* PartsTableViewController.h */ = {isa = PBXFileReference; fileEncoding = 4; lastKnownFileType = sourcecode.c.h; path = PartsTableViewController.h; sourceTree = "<group>"; };
		D08829421BE53497001DFB48 /* PartsTableViewController.m */ = {isa = PBXFileReference; fileEncoding = 4; lastKnownFileType = sourcecode.c.objc; path = PartsTableViewController.m; sourceTree = "<group>"; };
		D08829471BE535FA001DFB48 /* PartsCell.h */ = {isa = PBXFileReference; fileEncoding = 4; lastKnownFileType = sourcecode.c.h; path = PartsCell.h; sourceTree = "<group>"; };
		D08829481BE535FA001DFB48 /* PartsCell.m */ = {isa = PBXFileReference; fileEncoding = 4; lastKnownFileType = sourcecode.c.objc; path = PartsCell.m; sourceTree = "<group>"; };
		D088294A1BE54AFC001DFB48 /* InventoryTableViewController.h */ = {isa = PBXFileReference; fileEncoding = 4; lastKnownFileType = sourcecode.c.h; name = InventoryTableViewController.h; path = ../InventoryTableViewController.h; sourceTree = "<group>"; };
		D088294B1BE54AFC001DFB48 /* InventoryTableViewController.m */ = {isa = PBXFileReference; fileEncoding = 4; lastKnownFileType = sourcecode.c.objc; name = InventoryTableViewController.m; path = ../InventoryTableViewController.m; sourceTree = "<group>"; };
		D088294D1BE54FDC001DFB48 /* InventoryCell.h */ = {isa = PBXFileReference; fileEncoding = 4; lastKnownFileType = sourcecode.c.h; path = InventoryCell.h; sourceTree = "<group>"; };
		D088294E1BE54FDC001DFB48 /* InventoryCell.m */ = {isa = PBXFileReference; fileEncoding = 4; lastKnownFileType = sourcecode.c.objc; path = InventoryCell.m; sourceTree = "<group>"; };
		D08829501BE9B994001DFB48 /* InventoryListDataSource.h */ = {isa = PBXFileReference; fileEncoding = 4; lastKnownFileType = sourcecode.c.h; path = InventoryListDataSource.h; sourceTree = "<group>"; };
		D08829511BE9B994001DFB48 /* InventoryListDataSource.m */ = {isa = PBXFileReference; fileEncoding = 4; lastKnownFileType = sourcecode.c.objc; path = InventoryListDataSource.m; sourceTree = "<group>"; };
		D0CD95641BC9A1FF005BF6C3 /* AlarmInstaller.app */ = {isa = PBXFileReference; explicitFileType = wrapper.application; includeInIndex = 0; path = AlarmInstaller.app; sourceTree = BUILT_PRODUCTS_DIR; };
		D0CD95681BC9A1FF005BF6C3 /* main.m */ = {isa = PBXFileReference; lastKnownFileType = sourcecode.c.objc; path = main.m; sourceTree = "<group>"; };
		D0CD956A1BC9A1FF005BF6C3 /* AppDelegate.h */ = {isa = PBXFileReference; lastKnownFileType = sourcecode.c.h; path = AppDelegate.h; sourceTree = "<group>"; };
		D0CD956B1BC9A1FF005BF6C3 /* AppDelegate.m */ = {isa = PBXFileReference; lastKnownFileType = sourcecode.c.objc; path = AppDelegate.m; sourceTree = "<group>"; };
		D0CD956D1BC9A1FF005BF6C3 /* ViewController.h */ = {isa = PBXFileReference; lastKnownFileType = sourcecode.c.h; path = ViewController.h; sourceTree = "<group>"; };
		D0CD956E1BC9A1FF005BF6C3 /* ViewController.m */ = {isa = PBXFileReference; lastKnownFileType = sourcecode.c.objc; path = ViewController.m; sourceTree = "<group>"; };
		D0CD95711BC9A1FF005BF6C3 /* Base */ = {isa = PBXFileReference; lastKnownFileType = file.storyboard; name = Base; path = Base.lproj/Main.storyboard; sourceTree = "<group>"; };
		D0CD95731BC9A1FF005BF6C3 /* Assets.xcassets */ = {isa = PBXFileReference; lastKnownFileType = folder.assetcatalog; path = Assets.xcassets; sourceTree = "<group>"; };
		D0CD95761BC9A1FF005BF6C3 /* Base */ = {isa = PBXFileReference; lastKnownFileType = file.storyboard; name = Base; path = Base.lproj/LaunchScreen.storyboard; sourceTree = "<group>"; };
		D0CD95781BC9A1FF005BF6C3 /* Info.plist */ = {isa = PBXFileReference; lastKnownFileType = text.plist.xml; path = Info.plist; sourceTree = "<group>"; };
		D0CD957D1BC9A1FF005BF6C3 /* AlarmInstallerTests.xctest */ = {isa = PBXFileReference; explicitFileType = wrapper.cfbundle; includeInIndex = 0; path = AlarmInstallerTests.xctest; sourceTree = BUILT_PRODUCTS_DIR; };
		D0CD95811BC9A1FF005BF6C3 /* AlarmInstallerTests.m */ = {isa = PBXFileReference; lastKnownFileType = sourcecode.c.objc; path = AlarmInstallerTests.m; sourceTree = "<group>"; };
		D0CD95831BC9A1FF005BF6C3 /* Info.plist */ = {isa = PBXFileReference; lastKnownFileType = text.plist.xml; path = Info.plist; sourceTree = "<group>"; };
		D0CD95881BC9A1FF005BF6C3 /* AlarmInstallerUITests.xctest */ = {isa = PBXFileReference; explicitFileType = wrapper.cfbundle; includeInIndex = 0; path = AlarmInstallerUITests.xctest; sourceTree = BUILT_PRODUCTS_DIR; };
		D0CD958C1BC9A1FF005BF6C3 /* AlarmInstallerUITests.m */ = {isa = PBXFileReference; lastKnownFileType = sourcecode.c.objc; path = AlarmInstallerUITests.m; sourceTree = "<group>"; };
		D0CD958E1BC9A1FF005BF6C3 /* Info.plist */ = {isa = PBXFileReference; lastKnownFileType = text.plist.xml; path = Info.plist; sourceTree = "<group>"; };
/* End PBXFileReference section */

/* Begin PBXFrameworksBuildPhase section */
		D0CD95611BC9A1FF005BF6C3 /* Frameworks */ = {
			isa = PBXFrameworksBuildPhase;
			buildActionMask = 2147483647;
			files = (
			);
			runOnlyForDeploymentPostprocessing = 0;
		};
		D0CD957A1BC9A1FF005BF6C3 /* Frameworks */ = {
			isa = PBXFrameworksBuildPhase;
			buildActionMask = 2147483647;
			files = (
			);
			runOnlyForDeploymentPostprocessing = 0;
		};
		D0CD95851BC9A1FF005BF6C3 /* Frameworks */ = {
			isa = PBXFrameworksBuildPhase;
			buildActionMask = 2147483647;
			files = (
			);
			runOnlyForDeploymentPostprocessing = 0;
		};
/* End PBXFrameworksBuildPhase section */

/* Begin PBXGroup section */
		D07BE5761BEC4965001CF69B /* Service Number */ = {
			isa = PBXGroup;
			children = (
				D07BE5731BEC4888001CF69B /* ServiceNumberTableViewController.h */,
				D07BE5741BEC4888001CF69B /* ServiceNumberTableViewController.m */,
			);
			name = "Service Number";
			sourceTree = "<group>";
		};
		D08829131BD9CB49001DFB48 /* inventory */ = {
			isa = PBXGroup;
			children = (
				D08829071BD9C639001DFB48 /* InventoryItem+CoreDataProperties.h */,
				D08829081BD9C639001DFB48 /* InventoryItem+CoreDataProperties.m */,
				D08829091BD9C639001DFB48 /* InventoryItem.h */,
				D088290A1BD9C639001DFB48 /* InventoryItem.m */,
				D08828F61BD8751E001DFB48 /* InventoryController.h */,
				D08828F71BD8751E001DFB48 /* InventoryController.m */,
				D08829501BE9B994001DFB48 /* InventoryListDataSource.h */,
				D08829511BE9B994001DFB48 /* InventoryListDataSource.m */,
				D088294A1BE54AFC001DFB48 /* InventoryTableViewController.h */,
				D088294B1BE54AFC001DFB48 /* InventoryTableViewController.m */,
			);
			name = inventory;
			sourceTree = "<group>";
		};
		D08829141BD9CB87001DFB48 /* mileage */ = {
			isa = PBXGroup;
			children = (
				D08829021BD9C639001DFB48 /* Mileage.m */,
				D08829011BD9C639001DFB48 /* Mileage.h */,
				D08829001BD9C639001DFB48 /* Mileage+CoreDataProperties.m */,
				D08828FF1BD9C639001DFB48 /* Mileage+CoreDataProperties.h */,
				D08828F91BD8770B001DFB48 /* MileagecController.h */,
				D08828FA1BD8770B001DFB48 /* MileagecController.m */,
			);
			name = mileage;
			sourceTree = "<group>";
		};
		D08829151BD9CBCE001DFB48 /* Service */ = {
			isa = PBXGroup;
			children = (
				D08829161BDBDD06001DFB48 /* Service+CoreDataProperties.h */,
				D08829171BDBDD06001DFB48 /* Service+CoreDataProperties.m */,
				D08829261BE2F573001DFB48 /* serviceTableViewController.h */,
				D08829271BE2F573001DFB48 /* serviceTableViewController.m */,
				D08829411BE53497001DFB48 /* PartsTableViewController.h */,
				D08829421BE53497001DFB48 /* PartsTableViewController.m */,
				D08829051BD9C639001DFB48 /* Service.h */,
				D08829061BD9C639001DFB48 /* Service.m */,
				D088291C1BE1AA46001DFB48 /* ServiceTableViewDataSource.h */,
				D088291D1BE1AA46001DFB48 /* ServiceTableViewDataSource.m */,
				D08828631BD42A9E001DFB48 /* ServiceController.h */,
				D08828641BD42A9E001DFB48 /* ServiceController.m */,
			);
			name = Service;
			sourceTree = "<group>";
		};
		D08829251BE1C2E1001DFB48 /* Custom Cells */ = {
			isa = PBXGroup;
			children = (
				D088291F1BE1C15A001DFB48 /* LabelCell.h */,
				D08829201BE1C15A001DFB48 /* LabelCell.m */,
				D08829221BE1C19D001DFB48 /* TextViewCell.h */,
				D08829231BE1C19D001DFB48 /* TextViewCell.m */,
				D088293E1BE52A70001DFB48 /* ButtonCell.h */,
				D088293F1BE52A70001DFB48 /* ButtonCell.m */,
				D08829471BE535FA001DFB48 /* PartsCell.h */,
				D08829481BE535FA001DFB48 /* PartsCell.m */,
				D088294D1BE54FDC001DFB48 /* InventoryCell.h */,
				D088294E1BE54FDC001DFB48 /* InventoryCell.m */,
			);
			name = "Custom Cells";
			sourceTree = "<group>";
		};
		D0CD955B1BC9A1FF005BF6C3 = {
			isa = PBXGroup;
			children = (
				D0CD95661BC9A1FF005BF6C3 /* AlarmInstaller */,
				D0CD95801BC9A1FF005BF6C3 /* AlarmInstallerTests */,
				D0CD958B1BC9A1FF005BF6C3 /* AlarmInstallerUITests */,
				D0CD95651BC9A1FF005BF6C3 /* Products */,
			);
			sourceTree = "<group>";
		};
		D0CD95651BC9A1FF005BF6C3 /* Products */ = {
			isa = PBXGroup;
			children = (
				D0CD95641BC9A1FF005BF6C3 /* AlarmInstaller.app */,
				D0CD957D1BC9A1FF005BF6C3 /* AlarmInstallerTests.xctest */,
				D0CD95881BC9A1FF005BF6C3 /* AlarmInstallerUITests.xctest */,
			);
			name = Products;
			sourceTree = "<group>";
		};
		D0CD95661BC9A1FF005BF6C3 /* AlarmInstaller */ = {
			isa = PBXGroup;
			children = (
				D0CD956A1BC9A1FF005BF6C3 /* AppDelegate.h */,
				D0CD956B1BC9A1FF005BF6C3 /* AppDelegate.m */,
				D0CD956D1BC9A1FF005BF6C3 /* ViewController.h */,
				D0CD956E1BC9A1FF005BF6C3 /* ViewController.m */,
				D0CD95701BC9A1FF005BF6C3 /* Main.storyboard */,
				D088293B1BE51F85001DFB48 /* Model.xcdatamodeld */,
				D08829251BE1C2E1001DFB48 /* Custom Cells */,
				D08829131BD9CB49001DFB48 /* inventory */,
				D08829141BD9CB87001DFB48 /* mileage */,
				D08829151BD9CBCE001DFB48 /* Service */,
				D07BE5761BEC4965001CF69B /* Service Number */,
				D08828691BD70CD8001DFB48 /* Stack.h */,
				D088286A1BD70CD8001DFB48 /* Stack.m */,
				D0CD95731BC9A1FF005BF6C3 /* Assets.xcassets */,
				D0CD95751BC9A1FF005BF6C3 /* LaunchScreen.storyboard */,
				D0CD95781BC9A1FF005BF6C3 /* Info.plist */,
				D0CD95671BC9A1FF005BF6C3 /* Supporting Files */,
			);
			path = AlarmInstaller;
			sourceTree = "<group>";
		};
		D0CD95671BC9A1FF005BF6C3 /* Supporting Files */ = {
			isa = PBXGroup;
			children = (
				D0CD95681BC9A1FF005BF6C3 /* main.m */,
			);
			name = "Supporting Files";
			sourceTree = "<group>";
		};
		D0CD95801BC9A1FF005BF6C3 /* AlarmInstallerTests */ = {
			isa = PBXGroup;
			children = (
				D0CD95811BC9A1FF005BF6C3 /* AlarmInstallerTests.m */,
				D0CD95831BC9A1FF005BF6C3 /* Info.plist */,
			);
			path = AlarmInstallerTests;
			sourceTree = "<group>";
		};
		D0CD958B1BC9A1FF005BF6C3 /* AlarmInstallerUITests */ = {
			isa = PBXGroup;
			children = (
				D0CD958C1BC9A1FF005BF6C3 /* AlarmInstallerUITests.m */,
				D0CD958E1BC9A1FF005BF6C3 /* Info.plist */,
			);
			path = AlarmInstallerUITests;
			sourceTree = "<group>";
		};
/* End PBXGroup section */

/* Begin PBXNativeTarget section */
		D0CD95631BC9A1FF005BF6C3 /* AlarmInstaller */ = {
			isa = PBXNativeTarget;
			buildConfigurationList = D0CD95911BC9A1FF005BF6C3 /* Build configuration list for PBXNativeTarget "AlarmInstaller" */;
			buildPhases = (
				D0CD95601BC9A1FF005BF6C3 /* Sources */,
				D0CD95611BC9A1FF005BF6C3 /* Frameworks */,
				D0CD95621BC9A1FF005BF6C3 /* Resources */,
			);
			buildRules = (
			);
			dependencies = (
			);
			name = AlarmInstaller;
			productName = AlarmInstaller;
			productReference = D0CD95641BC9A1FF005BF6C3 /* AlarmInstaller.app */;
			productType = "com.apple.product-type.application";
		};
		D0CD957C1BC9A1FF005BF6C3 /* AlarmInstallerTests */ = {
			isa = PBXNativeTarget;
			buildConfigurationList = D0CD95941BC9A1FF005BF6C3 /* Build configuration list for PBXNativeTarget "AlarmInstallerTests" */;
			buildPhases = (
				D0CD95791BC9A1FF005BF6C3 /* Sources */,
				D0CD957A1BC9A1FF005BF6C3 /* Frameworks */,
				D0CD957B1BC9A1FF005BF6C3 /* Resources */,
			);
			buildRules = (
			);
			dependencies = (
				D0CD957F1BC9A1FF005BF6C3 /* PBXTargetDependency */,
			);
			name = AlarmInstallerTests;
			productName = AlarmInstallerTests;
			productReference = D0CD957D1BC9A1FF005BF6C3 /* AlarmInstallerTests.xctest */;
			productType = "com.apple.product-type.bundle.unit-test";
		};
		D0CD95871BC9A1FF005BF6C3 /* AlarmInstallerUITests */ = {
			isa = PBXNativeTarget;
			buildConfigurationList = D0CD95971BC9A1FF005BF6C3 /* Build configuration list for PBXNativeTarget "AlarmInstallerUITests" */;
			buildPhases = (
				D0CD95841BC9A1FF005BF6C3 /* Sources */,
				D0CD95851BC9A1FF005BF6C3 /* Frameworks */,
				D0CD95861BC9A1FF005BF6C3 /* Resources */,
			);
			buildRules = (
			);
			dependencies = (
				D0CD958A1BC9A1FF005BF6C3 /* PBXTargetDependency */,
			);
			name = AlarmInstallerUITests;
			productName = AlarmInstallerUITests;
			productReference = D0CD95881BC9A1FF005BF6C3 /* AlarmInstallerUITests.xctest */;
			productType = "com.apple.product-type.bundle.ui-testing";
		};
/* End PBXNativeTarget section */

/* Begin PBXProject section */
		D0CD955C1BC9A1FF005BF6C3 /* Project object */ = {
			isa = PBXProject;
			attributes = {
				LastUpgradeCheck = 0700;
				ORGANIZATIONNAME = "Jake Estepp";
				TargetAttributes = {
					D0CD95631BC9A1FF005BF6C3 = {
						CreatedOnToolsVersion = 7.0.1;
						DevelopmentTeam = 7FTDN4ALBK;
					};
					D0CD957C1BC9A1FF005BF6C3 = {
						CreatedOnToolsVersion = 7.0.1;
						TestTargetID = D0CD95631BC9A1FF005BF6C3;
					};
					D0CD95871BC9A1FF005BF6C3 = {
						CreatedOnToolsVersion = 7.0.1;
						TestTargetID = D0CD95631BC9A1FF005BF6C3;
					};
				};
			};
			buildConfigurationList = D0CD955F1BC9A1FF005BF6C3 /* Build configuration list for PBXProject "AlarmInstaller" */;
			compatibilityVersion = "Xcode 3.2";
			developmentRegion = English;
			hasScannedForEncodings = 0;
			knownRegions = (
				en,
				Base,
			);
			mainGroup = D0CD955B1BC9A1FF005BF6C3;
			productRefGroup = D0CD95651BC9A1FF005BF6C3 /* Products */;
			projectDirPath = "";
			projectRoot = "";
			targets = (
				D0CD95631BC9A1FF005BF6C3 /* AlarmInstaller */,
				D0CD957C1BC9A1FF005BF6C3 /* AlarmInstallerTests */,
				D0CD95871BC9A1FF005BF6C3 /* AlarmInstallerUITests */,
			);
		};
/* End PBXProject section */

/* Begin PBXResourcesBuildPhase section */
		D0CD95621BC9A1FF005BF6C3 /* Resources */ = {
			isa = PBXResourcesBuildPhase;
			buildActionMask = 2147483647;
			files = (
				D0CD95771BC9A1FF005BF6C3 /* LaunchScreen.storyboard in Resources */,
				D0CD95741BC9A1FF005BF6C3 /* Assets.xcassets in Resources */,
				D0CD95721BC9A1FF005BF6C3 /* Main.storyboard in Resources */,
			);
			runOnlyForDeploymentPostprocessing = 0;
		};
		D0CD957B1BC9A1FF005BF6C3 /* Resources */ = {
			isa = PBXResourcesBuildPhase;
			buildActionMask = 2147483647;
			files = (
			);
			runOnlyForDeploymentPostprocessing = 0;
		};
		D0CD95861BC9A1FF005BF6C3 /* Resources */ = {
			isa = PBXResourcesBuildPhase;
			buildActionMask = 2147483647;
			files = (
			);
			runOnlyForDeploymentPostprocessing = 0;
		};
/* End PBXResourcesBuildPhase section */

/* Begin PBXSourcesBuildPhase section */
		D0CD95601BC9A1FF005BF6C3 /* Sources */ = {
			isa = PBXSourcesBuildPhase;
			buildActionMask = 2147483647;
			files = (
				D088286B1BD70CD8001DFB48 /* Stack.m in Sources */,
				D08829521BE9B994001DFB48 /* InventoryListDataSource.m in Sources */,
				D0CD956F1BC9A1FF005BF6C3 /* ViewController.m in Sources */,
				D088294F1BE54FDC001DFB48 /* InventoryCell.m in Sources */,
				D088294C1BE54AFC001DFB48 /* InventoryTableViewController.m in Sources */,
				D08828651BD42A9E001DFB48 /* ServiceController.m in Sources */,
				D088290E1BD9C639001DFB48 /* Service.m in Sources */,
				D08829491BE535FA001DFB48 /* PartsCell.m in Sources */,
				D088290B1BD9C639001DFB48 /* Mileage+CoreDataProperties.m in Sources */,
				D08829401BE52A71001DFB48 /* ButtonCell.m in Sources */,
				D088291E1BE1AA46001DFB48 /* ServiceTableViewDataSource.m in Sources */,
				D088290F1BD9C639001DFB48 /* InventoryItem+CoreDataProperties.m in Sources */,
				D07BE5751BEC4888001CF69B /* ServiceNumberTableViewController.m in Sources */,
				D08829101BD9C639001DFB48 /* InventoryItem.m in Sources */,
				D0CD956C1BC9A1FF005BF6C3 /* AppDelegate.m in Sources */,
				D0CD95691BC9A1FF005BF6C3 /* main.m in Sources */,
				D08829241BE1C19D001DFB48 /* TextViewCell.m in Sources */,
				D08828FB1BD8770B001DFB48 /* MileagecController.m in Sources */,
				D08828F81BD8751E001DFB48 /* InventoryController.m in Sources */,
				D08829211BE1C15A001DFB48 /* LabelCell.m in Sources */,
				D08829181BDBDD06001DFB48 /* Service+CoreDataProperties.m in Sources */,
				D088290C1BD9C639001DFB48 /* Mileage.m in Sources */,
				D088293D1BE51F85001DFB48 /* Model.xcdatamodeld in Sources */,
				D08829431BE53497001DFB48 /* PartsTableViewController.m in Sources */,
				D08829281BE2F573001DFB48 /* serviceTableViewController.m in Sources */,
			);
			runOnlyForDeploymentPostprocessing = 0;
		};
		D0CD95791BC9A1FF005BF6C3 /* Sources */ = {
			isa = PBXSourcesBuildPhase;
			buildActionMask = 2147483647;
			files = (
				D0CD95821BC9A1FF005BF6C3 /* AlarmInstallerTests.m in Sources */,
			);
			runOnlyForDeploymentPostprocessing = 0;
		};
		D0CD95841BC9A1FF005BF6C3 /* Sources */ = {
			isa = PBXSourcesBuildPhase;
			buildActionMask = 2147483647;
			files = (
				D0CD958D1BC9A1FF005BF6C3 /* AlarmInstallerUITests.m in Sources */,
			);
			runOnlyForDeploymentPostprocessing = 0;
		};
/* End PBXSourcesBuildPhase section */

/* Begin PBXTargetDependency section */
		D0CD957F1BC9A1FF005BF6C3 /* PBXTargetDependency */ = {
			isa = PBXTargetDependency;
			target = D0CD95631BC9A1FF005BF6C3 /* AlarmInstaller */;
			targetProxy = D0CD957E1BC9A1FF005BF6C3 /* PBXContainerItemProxy */;
		};
		D0CD958A1BC9A1FF005BF6C3 /* PBXTargetDependency */ = {
			isa = PBXTargetDependency;
			target = D0CD95631BC9A1FF005BF6C3 /* AlarmInstaller */;
			targetProxy = D0CD95891BC9A1FF005BF6C3 /* PBXContainerItemProxy */;
		};
/* End PBXTargetDependency section */

/* Begin PBXVariantGroup section */
		D0CD95701BC9A1FF005BF6C3 /* Main.storyboard */ = {
			isa = PBXVariantGroup;
			children = (
				D0CD95711BC9A1FF005BF6C3 /* Base */,
			);
			name = Main.storyboard;
			sourceTree = "<group>";
		};
		D0CD95751BC9A1FF005BF6C3 /* LaunchScreen.storyboard */ = {
			isa = PBXVariantGroup;
			children = (
				D0CD95761BC9A1FF005BF6C3 /* Base */,
			);
			name = LaunchScreen.storyboard;
			sourceTree = "<group>";
		};
/* End PBXVariantGroup section */

/* Begin XCBuildConfiguration section */
		D0CD958F1BC9A1FF005BF6C3 /* Debug */ = {
			isa = XCBuildConfiguration;
			buildSettings = {
				ALWAYS_SEARCH_USER_PATHS = NO;
				CLANG_CXX_LANGUAGE_STANDARD = "gnu++0x";
				CLANG_CXX_LIBRARY = "libc++";
				CLANG_ENABLE_MODULES = YES;
				CLANG_ENABLE_OBJC_ARC = YES;
				CLANG_WARN_BOOL_CONVERSION = YES;
				CLANG_WARN_CONSTANT_CONVERSION = YES;
				CLANG_WARN_DIRECT_OBJC_ISA_USAGE = YES_ERROR;
				CLANG_WARN_EMPTY_BODY = YES;
				CLANG_WARN_ENUM_CONVERSION = YES;
				CLANG_WARN_INT_CONVERSION = YES;
				CLANG_WARN_OBJC_ROOT_CLASS = YES_ERROR;
				CLANG_WARN_UNREACHABLE_CODE = YES;
				CLANG_WARN__DUPLICATE_METHOD_MATCH = YES;
				"CODE_SIGN_IDENTITY[sdk=iphoneos*]" = "iPhone Developer";
				COPY_PHASE_STRIP = NO;
				DEBUG_INFORMATION_FORMAT = dwarf;
				ENABLE_STRICT_OBJC_MSGSEND = YES;
				ENABLE_TESTABILITY = YES;
				GCC_C_LANGUAGE_STANDARD = gnu99;
				GCC_DYNAMIC_NO_PIC = NO;
				GCC_NO_COMMON_BLOCKS = YES;
				GCC_OPTIMIZATION_LEVEL = 0;
				GCC_PREPROCESSOR_DEFINITIONS = (
					"DEBUG=1",
					"$(inherited)",
				);
				GCC_WARN_64_TO_32_BIT_CONVERSION = YES;
				GCC_WARN_ABOUT_RETURN_TYPE = YES_ERROR;
				GCC_WARN_UNDECLARED_SELECTOR = YES;
				GCC_WARN_UNINITIALIZED_AUTOS = YES_AGGRESSIVE;
				GCC_WARN_UNUSED_FUNCTION = YES;
				GCC_WARN_UNUSED_VARIABLE = YES;
				IPHONEOS_DEPLOYMENT_TARGET = 9.0;
				MTL_ENABLE_DEBUG_INFO = YES;
				ONLY_ACTIVE_ARCH = YES;
				SDKROOT = iphoneos;
				TARGETED_DEVICE_FAMILY = "1,2";
			};
			name = Debug;
		};
		D0CD95901BC9A1FF005BF6C3 /* Release */ = {
			isa = XCBuildConfiguration;
			buildSettings = {
				ALWAYS_SEARCH_USER_PATHS = NO;
				CLANG_CXX_LANGUAGE_STANDARD = "gnu++0x";
				CLANG_CXX_LIBRARY = "libc++";
				CLANG_ENABLE_MODULES = YES;
				CLANG_ENABLE_OBJC_ARC = YES;
				CLANG_WARN_BOOL_CONVERSION = YES;
				CLANG_WARN_CONSTANT_CONVERSION = YES;
				CLANG_WARN_DIRECT_OBJC_ISA_USAGE = YES_ERROR;
				CLANG_WARN_EMPTY_BODY = YES;
				CLANG_WARN_ENUM_CONVERSION = YES;
				CLANG_WARN_INT_CONVERSION = YES;
				CLANG_WARN_OBJC_ROOT_CLASS = YES_ERROR;
				CLANG_WARN_UNREACHABLE_CODE = YES;
				CLANG_WARN__DUPLICATE_METHOD_MATCH = YES;
				"CODE_SIGN_IDENTITY[sdk=iphoneos*]" = "iPhone Developer";
				COPY_PHASE_STRIP = NO;
				DEBUG_INFORMATION_FORMAT = "dwarf-with-dsym";
				ENABLE_NS_ASSERTIONS = NO;
				ENABLE_STRICT_OBJC_MSGSEND = YES;
				GCC_C_LANGUAGE_STANDARD = gnu99;
				GCC_NO_COMMON_BLOCKS = YES;
				GCC_WARN_64_TO_32_BIT_CONVERSION = YES;
				GCC_WARN_ABOUT_RETURN_TYPE = YES_ERROR;
				GCC_WARN_UNDECLARED_SELECTOR = YES;
				GCC_WARN_UNINITIALIZED_AUTOS = YES_AGGRESSIVE;
				GCC_WARN_UNUSED_FUNCTION = YES;
				GCC_WARN_UNUSED_VARIABLE = YES;
				IPHONEOS_DEPLOYMENT_TARGET = 9.0;
				MTL_ENABLE_DEBUG_INFO = NO;
				SDKROOT = iphoneos;
				TARGETED_DEVICE_FAMILY = "1,2";
				VALIDATE_PRODUCT = YES;
			};
			name = Release;
		};
		D0CD95921BC9A1FF005BF6C3 /* Debug */ = {
			isa = XCBuildConfiguration;
			buildSettings = {
				ASSETCATALOG_COMPILER_APPICON_NAME = AppIcon;
				CODE_SIGN_IDENTITY = "iPhone Developer";
				INFOPLIST_FILE = AlarmInstaller/Info.plist;
				LD_RUNPATH_SEARCH_PATHS = "$(inherited) @executable_path/Frameworks";
				PRODUCT_BUNDLE_IDENTIFIER = com.JakeEstepp.AlarmInstaller;
				PRODUCT_NAME = "$(TARGET_NAME)";
			};
			name = Debug;
		};
		D0CD95931BC9A1FF005BF6C3 /* Release */ = {
			isa = XCBuildConfiguration;
			buildSettings = {
				ASSETCATALOG_COMPILER_APPICON_NAME = AppIcon;
				CODE_SIGN_IDENTITY = "iPhone Developer";
				INFOPLIST_FILE = AlarmInstaller/Info.plist;
				LD_RUNPATH_SEARCH_PATHS = "$(inherited) @executable_path/Frameworks";
				PRODUCT_BUNDLE_IDENTIFIER = com.JakeEstepp.AlarmInstaller;
				PRODUCT_NAME = "$(TARGET_NAME)";
			};
			name = Release;
		};
		D0CD95951BC9A1FF005BF6C3 /* Debug */ = {
			isa = XCBuildConfiguration;
			buildSettings = {
				BUNDLE_LOADER = "$(TEST_HOST)";
				INFOPLIST_FILE = AlarmInstallerTests/Info.plist;
				LD_RUNPATH_SEARCH_PATHS = "$(inherited) @executable_path/Frameworks @loader_path/Frameworks";
				PRODUCT_BUNDLE_IDENTIFIER = com.JakeEstepp.AlarmInstallerTests;
				PRODUCT_NAME = "$(TARGET_NAME)";
				TEST_HOST = "$(BUILT_PRODUCTS_DIR)/AlarmInstaller.app/AlarmInstaller";
			};
			name = Debug;
		};
		D0CD95961BC9A1FF005BF6C3 /* Release */ = {
			isa = XCBuildConfiguration;
			buildSettings = {
				BUNDLE_LOADER = "$(TEST_HOST)";
				INFOPLIST_FILE = AlarmInstallerTests/Info.plist;
				LD_RUNPATH_SEARCH_PATHS = "$(inherited) @executable_path/Frameworks @loader_path/Frameworks";
				PRODUCT_BUNDLE_IDENTIFIER = com.JakeEstepp.AlarmInstallerTests;
				PRODUCT_NAME = "$(TARGET_NAME)";
				TEST_HOST = "$(BUILT_PRODUCTS_DIR)/AlarmInstaller.app/AlarmInstaller";
			};
			name = Release;
		};
		D0CD95981BC9A1FF005BF6C3 /* Debug */ = {
			isa = XCBuildConfiguration;
			buildSettings = {
				INFOPLIST_FILE = AlarmInstallerUITests/Info.plist;
				LD_RUNPATH_SEARCH_PATHS = "$(inherited) @executable_path/Frameworks @loader_path/Frameworks";
				PRODUCT_BUNDLE_IDENTIFIER = com.JakeEstepp.AlarmInstallerUITests;
				PRODUCT_NAME = "$(TARGET_NAME)";
				TEST_TARGET_NAME = AlarmInstaller;
				USES_XCTRUNNER = YES;
			};
			name = Debug;
		};
		D0CD95991BC9A1FF005BF6C3 /* Release */ = {
			isa = XCBuildConfiguration;
			buildSettings = {
				INFOPLIST_FILE = AlarmInstallerUITests/Info.plist;
				LD_RUNPATH_SEARCH_PATHS = "$(inherited) @executable_path/Frameworks @loader_path/Frameworks";
				PRODUCT_BUNDLE_IDENTIFIER = com.JakeEstepp.AlarmInstallerUITests;
				PRODUCT_NAME = "$(TARGET_NAME)";
				TEST_TARGET_NAME = AlarmInstaller;
				USES_XCTRUNNER = YES;
			};
			name = Release;
		};
/* End XCBuildConfiguration section */

/* Begin XCConfigurationList section */
		D0CD955F1BC9A1FF005BF6C3 /* Build configuration list for PBXProject "AlarmInstaller" */ = {
			isa = XCConfigurationList;
			buildConfigurations = (
				D0CD958F1BC9A1FF005BF6C3 /* Debug */,
				D0CD95901BC9A1FF005BF6C3 /* Release */,
			);
			defaultConfigurationIsVisible = 0;
			defaultConfigurationName = Release;
		};
		D0CD95911BC9A1FF005BF6C3 /* Build configuration list for PBXNativeTarget "AlarmInstaller" */ = {
			isa = XCConfigurationList;
			buildConfigurations = (
				D0CD95921BC9A1FF005BF6C3 /* Debug */,
				D0CD95931BC9A1FF005BF6C3 /* Release */,
			);
			defaultConfigurationIsVisible = 0;
			defaultConfigurationName = Release;
		};
		D0CD95941BC9A1FF005BF6C3 /* Build configuration list for PBXNativeTarget "AlarmInstallerTests" */ = {
			isa = XCConfigurationList;
			buildConfigurations = (
				D0CD95951BC9A1FF005BF6C3 /* Debug */,
				D0CD95961BC9A1FF005BF6C3 /* Release */,
			);
			defaultConfigurationIsVisible = 0;
			defaultConfigurationName = Release;
		};
		D0CD95971BC9A1FF005BF6C3 /* Build configuration list for PBXNativeTarget "AlarmInstallerUITests" */ = {
			isa = XCConfigurationList;
			buildConfigurations = (
				D0CD95981BC9A1FF005BF6C3 /* Debug */,
				D0CD95991BC9A1FF005BF6C3 /* Release */,
			);
			defaultConfigurationIsVisible = 0;
			defaultConfigurationName = Release;
		};
/* End XCConfigurationList section */

/* Begin XCVersionGroup section */
		D088293B1BE51F85001DFB48 /* Model.xcdatamodeld */ = {
			isa = XCVersionGroup;
			children = (
				D088293C1BE51F85001DFB48 /* Model.xcdatamodel */,
			);
			currentVersion = D088293C1BE51F85001DFB48 /* Model.xcdatamodel */;
			path = Model.xcdatamodeld;
			sourceTree = "<group>";
			versionGroupType = wrapper.xcdatamodel;
		};
/* End XCVersionGroup section */
	};
	rootObject = D0CD955C1BC9A1FF005BF6C3 /* Project object */;
}
